// !$*UTF8*$!
{
	archiveVersion = 1;
	classes = {
	};
	objectVersion = 55;
	objects = {

/* Begin PBXBuildFile section */
		4A33C17E281F5CF300A2E45C /* GradingView.swift in Sources */ = {isa = PBXBuildFile; fileRef = 4A33C17D281F5CF300A2E45C /* GradingView.swift */; };
		4A5338A9282144EE00B4E505 /* QuestionLabel2.swift in Sources */ = {isa = PBXBuildFile; fileRef = 4A5338A8282144EE00B4E505 /* QuestionLabel2.swift */; };
		4A5338AB2822021700B4E505 /* score.swift in Sources */ = {isa = PBXBuildFile; fileRef = 4A5338AA2822021700B4E505 /* score.swift */; };
		4A5338AD2822082900B4E505 /* ColorExtension.swift in Sources */ = {isa = PBXBuildFile; fileRef = 4A5338AC2822082900B4E505 /* ColorExtension.swift */; };
		4A5338AF2822112000B4E505 /* getOpacity.swift in Sources */ = {isa = PBXBuildFile; fileRef = 4A5338AE2822112000B4E505 /* getOpacity.swift */; };
		4A96BF23281A1A6B00D4DC9B /* NC1_NoahApp.swift in Sources */ = {isa = PBXBuildFile; fileRef = 4A96BF22281A1A6B00D4DC9B /* NC1_NoahApp.swift */; };
		4A96BF25281A1A6B00D4DC9B /* ContentView.swift in Sources */ = {isa = PBXBuildFile; fileRef = 4A96BF24281A1A6B00D4DC9B /* ContentView.swift */; };
		4A96BF27281A1A6C00D4DC9B /* Assets.xcassets in Resources */ = {isa = PBXBuildFile; fileRef = 4A96BF26281A1A6C00D4DC9B /* Assets.xcassets */; };
		4A96BF2A281A1A6C00D4DC9B /* Preview Assets.xcassets in Resources */ = {isa = PBXBuildFile; fileRef = 4A96BF29281A1A6C00D4DC9B /* Preview Assets.xcassets */; };
		4A96BF34281A308D00D4DC9B /* TestView.swift in Sources */ = {isa = PBXBuildFile; fileRef = 4A96BF33281A308D00D4DC9B /* TestView.swift */; };
		4A96BF36281A30A300D4DC9B /* NoteView.swift in Sources */ = {isa = PBXBuildFile; fileRef = 4A96BF35281A30A300D4DC9B /* NoteView.swift */; };
		4A96BF38281A30AE00D4DC9B /* ScoreView.swift in Sources */ = {isa = PBXBuildFile; fileRef = 4A96BF37281A30AE00D4DC9B /* ScoreView.swift */; };
		4A96BF3A281A30C600D4DC9B /* QuestionLabel.swift in Sources */ = {isa = PBXBuildFile; fileRef = 4A96BF39281A30C600D4DC9B /* QuestionLabel.swift */; };
		4A96BF41281A3DAF00D4DC9B /* TestButtonLabel.swift in Sources */ = {isa = PBXBuildFile; fileRef = 4A96BF40281A3DAF00D4DC9B /* TestButtonLabel.swift */; };
		4AAF50BD281BDD7700669344 /* ScoreDetailView.swift in Sources */ = {isa = PBXBuildFile; fileRef = 4AAF50BC281BDD7700669344 /* ScoreDetailView.swift */; };
		4ACD3B41281E6DEE0066C8F8 /* note.swift in Sources */ = {isa = PBXBuildFile; fileRef = 4ACD3B40281E6DEE0066C8F8 /* note.swift */; };
		4ACD3B43281E6FB80066C8F8 /* bookmark.swift in Sources */ = {isa = PBXBuildFile; fileRef = 4ACD3B42281E6FB80066C8F8 /* bookmark.swift */; };
		4ACD3B49281E79410066C8F8 /* DBHelper.swift in Sources */ = {isa = PBXBuildFile; fileRef = 4ACD3B48281E79410066C8F8 /* DBHelper.swift */; };
		4AD5EEBC2820D14D006E072A /* testData.swift in Sources */ = {isa = PBXBuildFile; fileRef = 4AD5EEBB2820D14D006E072A /* testData.swift */; };
		4AD5EEC02820D30E006E072A /* questionBox.swift in Sources */ = {isa = PBXBuildFile; fileRef = 4AD5EEBF2820D30E006E072A /* questionBox.swift */; };
		4ADA20EE282017F200EF9B0D /* questions.swift in Sources */ = {isa = PBXBuildFile; fileRef = 4ADA20ED282017F200EF9B0D /* questions.swift */; };
		4ADA20F2282018DB00EF9B0D /* questionOrders.swift in Sources */ = {isa = PBXBuildFile; fileRef = 4ADA20F1282018DB00EF9B0D /* questionOrders.swift */; };
		4ADC86422823D56A009BC7FF /* KU_CH_QuizApp.sqlite in Resources */ = {isa = PBXBuildFile; fileRef = 4ADC86412823D56A009BC7FF /* KU_CH_QuizApp.sqlite */; };
		4ADC86442823F628009BC7FF /* PopToRoot.swift in Sources */ = {isa = PBXBuildFile; fileRef = 4ADC86432823F628009BC7FF /* PopToRoot.swift */; };
/* End PBXBuildFile section */

/* Begin PBXFileReference section */
		4A33C17D281F5CF300A2E45C /* GradingView.swift */ = {isa = PBXFileReference; lastKnownFileType = sourcecode.swift; path = GradingView.swift; sourceTree = "<group>"; };
		4A5338A8282144EE00B4E505 /* QuestionLabel2.swift */ = {isa = PBXFileReference; lastKnownFileType = sourcecode.swift; path = QuestionLabel2.swift; sourceTree = "<group>"; };
		4A5338AA2822021700B4E505 /* score.swift */ = {isa = PBXFileReference; lastKnownFileType = sourcecode.swift; path = score.swift; sourceTree = "<group>"; };
		4A5338AC2822082900B4E505 /* ColorExtension.swift */ = {isa = PBXFileReference; lastKnownFileType = sourcecode.swift; path = ColorExtension.swift; sourceTree = "<group>"; };
		4A5338AE2822112000B4E505 /* getOpacity.swift */ = {isa = PBXFileReference; lastKnownFileType = sourcecode.swift; path = getOpacity.swift; sourceTree = "<group>"; };
		4A96BF1F281A1A6B00D4DC9B /* NC1_Noah.app */ = {isa = PBXFileReference; explicitFileType = wrapper.application; includeInIndex = 0; path = NC1_Noah.app; sourceTree = BUILT_PRODUCTS_DIR; };
		4A96BF22281A1A6B00D4DC9B /* NC1_NoahApp.swift */ = {isa = PBXFileReference; lastKnownFileType = sourcecode.swift; path = NC1_NoahApp.swift; sourceTree = "<group>"; };
		4A96BF24281A1A6B00D4DC9B /* ContentView.swift */ = {isa = PBXFileReference; lastKnownFileType = sourcecode.swift; path = ContentView.swift; sourceTree = "<group>"; };
		4A96BF26281A1A6C00D4DC9B /* Assets.xcassets */ = {isa = PBXFileReference; lastKnownFileType = folder.assetcatalog; path = Assets.xcassets; sourceTree = "<group>"; };
		4A96BF29281A1A6C00D4DC9B /* Preview Assets.xcassets */ = {isa = PBXFileReference; lastKnownFileType = folder.assetcatalog; path = "Preview Assets.xcassets"; sourceTree = "<group>"; };
		4A96BF33281A308D00D4DC9B /* TestView.swift */ = {isa = PBXFileReference; lastKnownFileType = sourcecode.swift; path = TestView.swift; sourceTree = "<group>"; };
		4A96BF35281A30A300D4DC9B /* NoteView.swift */ = {isa = PBXFileReference; lastKnownFileType = sourcecode.swift; path = NoteView.swift; sourceTree = "<group>"; };
		4A96BF37281A30AE00D4DC9B /* ScoreView.swift */ = {isa = PBXFileReference; lastKnownFileType = sourcecode.swift; path = ScoreView.swift; sourceTree = "<group>"; };
		4A96BF39281A30C600D4DC9B /* QuestionLabel.swift */ = {isa = PBXFileReference; lastKnownFileType = sourcecode.swift; path = QuestionLabel.swift; sourceTree = "<group>"; };
		4A96BF40281A3DAF00D4DC9B /* TestButtonLabel.swift */ = {isa = PBXFileReference; lastKnownFileType = sourcecode.swift; path = TestButtonLabel.swift; sourceTree = "<group>"; };
		4AAF50BC281BDD7700669344 /* ScoreDetailView.swift */ = {isa = PBXFileReference; lastKnownFileType = sourcecode.swift; path = ScoreDetailView.swift; sourceTree = "<group>"; };
		4ACD3B40281E6DEE0066C8F8 /* note.swift */ = {isa = PBXFileReference; lastKnownFileType = sourcecode.swift; path = note.swift; sourceTree = "<group>"; };
		4ACD3B42281E6FB80066C8F8 /* bookmark.swift */ = {isa = PBXFileReference; lastKnownFileType = sourcecode.swift; path = bookmark.swift; sourceTree = "<group>"; };
		4ACD3B48281E79410066C8F8 /* DBHelper.swift */ = {isa = PBXFileReference; lastKnownFileType = sourcecode.swift; path = DBHelper.swift; sourceTree = "<group>"; };
		4AD5EEBB2820D14D006E072A /* testData.swift */ = {isa = PBXFileReference; lastKnownFileType = sourcecode.swift; path = testData.swift; sourceTree = "<group>"; };
		4AD5EEBF2820D30E006E072A /* questionBox.swift */ = {isa = PBXFileReference; lastKnownFileType = sourcecode.swift; path = questionBox.swift; sourceTree = "<group>"; };
		4ADA20ED282017F200EF9B0D /* questions.swift */ = {isa = PBXFileReference; lastKnownFileType = sourcecode.swift; path = questions.swift; sourceTree = "<group>"; };
		4ADA20F1282018DB00EF9B0D /* questionOrders.swift */ = {isa = PBXFileReference; lastKnownFileType = sourcecode.swift; path = questionOrders.swift; sourceTree = "<group>"; };
		4ADC86412823D56A009BC7FF /* KU_CH_QuizApp.sqlite */ = {isa = PBXFileReference; lastKnownFileType = file; path = KU_CH_QuizApp.sqlite; sourceTree = "<group>"; };
		4ADC86432823F628009BC7FF /* PopToRoot.swift */ = {isa = PBXFileReference; lastKnownFileType = sourcecode.swift; path = PopToRoot.swift; sourceTree = "<group>"; };
/* End PBXFileReference section */

/* Begin PBXFrameworksBuildPhase section */
		4A96BF1C281A1A6B00D4DC9B /* Frameworks */ = {
			isa = PBXFrameworksBuildPhase;
			buildActionMask = 2147483647;
			files = (
			);
			runOnlyForDeploymentPostprocessing = 0;
		};
/* End PBXFrameworksBuildPhase section */

/* Begin PBXGroup section */
		4A20C1A6281E2ECD0055A035 /* Utility */ = {
			isa = PBXGroup;
			children = (
				4ADC86412823D56A009BC7FF /* KU_CH_QuizApp.sqlite */,
				4ACD3B40281E6DEE0066C8F8 /* note.swift */,
				4AD5EEBF2820D30E006E072A /* questionBox.swift */,
				4ADA20ED282017F200EF9B0D /* questions.swift */,
				4ACD3B42281E6FB80066C8F8 /* bookmark.swift */,
				4ACD3B48281E79410066C8F8 /* DBHelper.swift */,
				4ADA20F1282018DB00EF9B0D /* questionOrders.swift */,
				4AD5EEBB2820D14D006E072A /* testData.swift */,
				4A5338AA2822021700B4E505 /* score.swift */,
				4A5338AC2822082900B4E505 /* ColorExtension.swift */,
				4A5338AE2822112000B4E505 /* getOpacity.swift */,
				4ADC86432823F628009BC7FF /* PopToRoot.swift */,
			);
			path = Utility;
			sourceTree = "<group>";
		};
		4A96BF16281A1A6B00D4DC9B = {
			isa = PBXGroup;
			children = (
				4A96BF21281A1A6B00D4DC9B /* NC1_Noah */,
				4A96BF20281A1A6B00D4DC9B /* Products */,
			);
			sourceTree = "<group>";
		};
		4A96BF20281A1A6B00D4DC9B /* Products */ = {
			isa = PBXGroup;
			children = (
				4A96BF1F281A1A6B00D4DC9B /* NC1_Noah.app */,
			);
			name = Products;
			sourceTree = "<group>";
		};
		4A96BF21281A1A6B00D4DC9B /* NC1_Noah */ = {
			isa = PBXGroup;
			children = (
				4A96BF22281A1A6B00D4DC9B /* NC1_NoahApp.swift */,
				4A96BF3D281A30F800D4DC9B /* Views */,
				4A96BF26281A1A6C00D4DC9B /* Assets.xcassets */,
				4A96BF28281A1A6C00D4DC9B /* Preview Content */,
			);
			path = NC1_Noah;
			sourceTree = "<group>";
		};
		4A96BF28281A1A6C00D4DC9B /* Preview Content */ = {
			isa = PBXGroup;
			children = (
				4A96BF29281A1A6C00D4DC9B /* Preview Assets.xcassets */,
			);
			path = "Preview Content";
			sourceTree = "<group>";
		};
		4A96BF3D281A30F800D4DC9B /* Views */ = {
			isa = PBXGroup;
			children = (
				4A96BF24281A1A6B00D4DC9B /* ContentView.swift */,
				4A96BF35281A30A300D4DC9B /* NoteView.swift */,
				4A96BF33281A308D00D4DC9B /* TestView.swift */,
				4A96BF37281A30AE00D4DC9B /* ScoreView.swift */,
				4A96BF39281A30C600D4DC9B /* QuestionLabel.swift */,
				4A5338A8282144EE00B4E505 /* QuestionLabel2.swift */,
				4A96BF40281A3DAF00D4DC9B /* TestButtonLabel.swift */,
				4AAF50BC281BDD7700669344 /* ScoreDetailView.swift */,
				4A33C17D281F5CF300A2E45C /* GradingView.swift */,
				4A20C1A6281E2ECD0055A035 /* Utility */,
			);
			path = Views;
			sourceTree = "<group>";
		};
/* End PBXGroup section */

/* Begin PBXNativeTarget section */
		4A96BF1E281A1A6B00D4DC9B /* NC1_Noah */ = {
			isa = PBXNativeTarget;
			buildConfigurationList = 4A96BF2D281A1A6C00D4DC9B /* Build configuration list for PBXNativeTarget "NC1_Noah" */;
			buildPhases = (
				4A96BF1B281A1A6B00D4DC9B /* Sources */,
				4A96BF1C281A1A6B00D4DC9B /* Frameworks */,
				4A96BF1D281A1A6B00D4DC9B /* Resources */,
			);
			buildRules = (
			);
			dependencies = (
			);
			name = NC1_Noah;
			productName = NC1_Noah;
			productReference = 4A96BF1F281A1A6B00D4DC9B /* NC1_Noah.app */;
			productType = "com.apple.product-type.application";
		};
/* End PBXNativeTarget section */

/* Begin PBXProject section */
		4A96BF17281A1A6B00D4DC9B /* Project object */ = {
			isa = PBXProject;
			attributes = {
				BuildIndependentTargetsInParallel = 1;
				LastSwiftUpdateCheck = 1330;
				LastUpgradeCheck = 1330;
				TargetAttributes = {
					4A96BF1E281A1A6B00D4DC9B = {
						CreatedOnToolsVersion = 13.3.1;
					};
				};
			};
			buildConfigurationList = 4A96BF1A281A1A6B00D4DC9B /* Build configuration list for PBXProject "NC1_Noah" */;
			compatibilityVersion = "Xcode 13.0";
			developmentRegion = en;
			hasScannedForEncodings = 0;
			knownRegions = (
				en,
				Base,
			);
			mainGroup = 4A96BF16281A1A6B00D4DC9B;
			productRefGroup = 4A96BF20281A1A6B00D4DC9B /* Products */;
			projectDirPath = "";
			projectRoot = "";
			targets = (
				4A96BF1E281A1A6B00D4DC9B /* NC1_Noah */,
			);
		};
/* End PBXProject section */

/* Begin PBXResourcesBuildPhase section */
		4A96BF1D281A1A6B00D4DC9B /* Resources */ = {
			isa = PBXResourcesBuildPhase;
			buildActionMask = 2147483647;
			files = (
				4A96BF2A281A1A6C00D4DC9B /* Preview Assets.xcassets in Resources */,
				4A96BF27281A1A6C00D4DC9B /* Assets.xcassets in Resources */,
				4ADC86422823D56A009BC7FF /* KU_CH_QuizApp.sqlite in Resources */,
			);
			runOnlyForDeploymentPostprocessing = 0;
		};
/* End PBXResourcesBuildPhase section */

/* Begin PBXSourcesBuildPhase section */
		4A96BF1B281A1A6B00D4DC9B /* Sources */ = {
			isa = PBXSourcesBuildPhase;
			buildActionMask = 2147483647;
			files = (
				4A5338AF2822112000B4E505 /* getOpacity.swift in Sources */,
				4A96BF34281A308D00D4DC9B /* TestView.swift in Sources */,
				4A5338A9282144EE00B4E505 /* QuestionLabel2.swift in Sources */,
				4ACD3B41281E6DEE0066C8F8 /* note.swift in Sources */,
				4AD5EEBC2820D14D006E072A /* testData.swift in Sources */,
				4A96BF25281A1A6B00D4DC9B /* ContentView.swift in Sources */,
				4A96BF3A281A30C600D4DC9B /* QuestionLabel.swift in Sources */,
				4A5338AB2822021700B4E505 /* score.swift in Sources */,
				4ADA20F2282018DB00EF9B0D /* questionOrders.swift in Sources */,
				4A96BF41281A3DAF00D4DC9B /* TestButtonLabel.swift in Sources */,
				4AAF50BD281BDD7700669344 /* ScoreDetailView.swift in Sources */,
				4A96BF36281A30A300D4DC9B /* NoteView.swift in Sources */,
				4ADC86442823F628009BC7FF /* PopToRoot.swift in Sources */,
				4A96BF23281A1A6B00D4DC9B /* NC1_NoahApp.swift in Sources */,
				4A96BF38281A30AE00D4DC9B /* ScoreView.swift in Sources */,
				4ACD3B43281E6FB80066C8F8 /* bookmark.swift in Sources */,
				4ADA20EE282017F200EF9B0D /* questions.swift in Sources */,
				4A33C17E281F5CF300A2E45C /* GradingView.swift in Sources */,
				4ACD3B49281E79410066C8F8 /* DBHelper.swift in Sources */,
				4AD5EEC02820D30E006E072A /* questionBox.swift in Sources */,
				4A5338AD2822082900B4E505 /* ColorExtension.swift in Sources */,
			);
			runOnlyForDeploymentPostprocessing = 0;
		};
/* End PBXSourcesBuildPhase section */

/* Begin XCBuildConfiguration section */
		4A96BF2B281A1A6C00D4DC9B /* Debug */ = {
			isa = XCBuildConfiguration;
			buildSettings = {
				ALWAYS_SEARCH_USER_PATHS = NO;
				CLANG_ANALYZER_NONNULL = YES;
				CLANG_ANALYZER_NUMBER_OBJECT_CONVERSION = YES_AGGRESSIVE;
				CLANG_CXX_LANGUAGE_STANDARD = "gnu++17";
				CLANG_ENABLE_MODULES = YES;
				CLANG_ENABLE_OBJC_ARC = YES;
				CLANG_ENABLE_OBJC_WEAK = YES;
				CLANG_WARN_BLOCK_CAPTURE_AUTORELEASING = YES;
				CLANG_WARN_BOOL_CONVERSION = YES;
				CLANG_WARN_COMMA = YES;
				CLANG_WARN_CONSTANT_CONVERSION = YES;
				CLANG_WARN_DEPRECATED_OBJC_IMPLEMENTATIONS = YES;
				CLANG_WARN_DIRECT_OBJC_ISA_USAGE = YES_ERROR;
				CLANG_WARN_DOCUMENTATION_COMMENTS = YES;
				CLANG_WARN_EMPTY_BODY = YES;
				CLANG_WARN_ENUM_CONVERSION = YES;
				CLANG_WARN_INFINITE_RECURSION = YES;
				CLANG_WARN_INT_CONVERSION = YES;
				CLANG_WARN_NON_LITERAL_NULL_CONVERSION = YES;
				CLANG_WARN_OBJC_IMPLICIT_RETAIN_SELF = YES;
				CLANG_WARN_OBJC_LITERAL_CONVERSION = YES;
				CLANG_WARN_OBJC_ROOT_CLASS = YES_ERROR;
				CLANG_WARN_QUOTED_INCLUDE_IN_FRAMEWORK_HEADER = YES;
				CLANG_WARN_RANGE_LOOP_ANALYSIS = YES;
				CLANG_WARN_STRICT_PROTOTYPES = YES;
				CLANG_WARN_SUSPICIOUS_MOVE = YES;
				CLANG_WARN_UNGUARDED_AVAILABILITY = YES_AGGRESSIVE;
				CLANG_WARN_UNREACHABLE_CODE = YES;
				CLANG_WARN__DUPLICATE_METHOD_MATCH = YES;
				COPY_PHASE_STRIP = NO;
				DEBUG_INFORMATION_FORMAT = dwarf;
				ENABLE_STRICT_OBJC_MSGSEND = YES;
				ENABLE_TESTABILITY = YES;
				GCC_C_LANGUAGE_STANDARD = gnu11;
				GCC_DYNAMIC_NO_PIC = NO;
				GCC_NO_COMMON_BLOCKS = YES;
				GCC_OPTIMIZATION_LEVEL = 0;
				GCC_PREPROCESSOR_DEFINITIONS = (
					"DEBUG=1",
					"$(inherited)",
				);
				GCC_WARN_64_TO_32_BIT_CONVERSION = YES;
				GCC_WARN_ABOUT_RETURN_TYPE = YES_ERROR;
				GCC_WARN_UNDECLARED_SELECTOR = YES;
				GCC_WARN_UNINITIALIZED_AUTOS = YES_AGGRESSIVE;
				GCC_WARN_UNUSED_FUNCTION = YES;
				GCC_WARN_UNUSED_VARIABLE = YES;
				IPHONEOS_DEPLOYMENT_TARGET = 15.4;
				MTL_ENABLE_DEBUG_INFO = INCLUDE_SOURCE;
				MTL_FAST_MATH = YES;
				ONLY_ACTIVE_ARCH = YES;
				SDKROOT = iphoneos;
				SWIFT_ACTIVE_COMPILATION_CONDITIONS = DEBUG;
				SWIFT_OPTIMIZATION_LEVEL = "-Onone";
			};
			name = Debug;
		};
		4A96BF2C281A1A6C00D4DC9B /* Release */ = {
			isa = XCBuildConfiguration;
			buildSettings = {
				ALWAYS_SEARCH_USER_PATHS = NO;
				CLANG_ANALYZER_NONNULL = YES;
				CLANG_ANALYZER_NUMBER_OBJECT_CONVERSION = YES_AGGRESSIVE;
				CLANG_CXX_LANGUAGE_STANDARD = "gnu++17";
				CLANG_ENABLE_MODULES = YES;
				CLANG_ENABLE_OBJC_ARC = YES;
				CLANG_ENABLE_OBJC_WEAK = YES;
				CLANG_WARN_BLOCK_CAPTURE_AUTORELEASING = YES;
				CLANG_WARN_BOOL_CONVERSION = YES;
				CLANG_WARN_COMMA = YES;
				CLANG_WARN_CONSTANT_CONVERSION = YES;
				CLANG_WARN_DEPRECATED_OBJC_IMPLEMENTATIONS = YES;
				CLANG_WARN_DIRECT_OBJC_ISA_USAGE = YES_ERROR;
				CLANG_WARN_DOCUMENTATION_COMMENTS = YES;
				CLANG_WARN_EMPTY_BODY = YES;
				CLANG_WARN_ENUM_CONVERSION = YES;
				CLANG_WARN_INFINITE_RECURSION = YES;
				CLANG_WARN_INT_CONVERSION = YES;
				CLANG_WARN_NON_LITERAL_NULL_CONVERSION = YES;
				CLANG_WARN_OBJC_IMPLICIT_RETAIN_SELF = YES;
				CLANG_WARN_OBJC_LITERAL_CONVERSION = YES;
				CLANG_WARN_OBJC_ROOT_CLASS = YES_ERROR;
				CLANG_WARN_QUOTED_INCLUDE_IN_FRAMEWORK_HEADER = YES;
				CLANG_WARN_RANGE_LOOP_ANALYSIS = YES;
				CLANG_WARN_STRICT_PROTOTYPES = YES;
				CLANG_WARN_SUSPICIOUS_MOVE = YES;
				CLANG_WARN_UNGUARDED_AVAILABILITY = YES_AGGRESSIVE;
				CLANG_WARN_UNREACHABLE_CODE = YES;
				CLANG_WARN__DUPLICATE_METHOD_MATCH = YES;
				COPY_PHASE_STRIP = NO;
				DEBUG_INFORMATION_FORMAT = "dwarf-with-dsym";
				ENABLE_NS_ASSERTIONS = NO;
				ENABLE_STRICT_OBJC_MSGSEND = YES;
				GCC_C_LANGUAGE_STANDARD = gnu11;
				GCC_NO_COMMON_BLOCKS = YES;
				GCC_WARN_64_TO_32_BIT_CONVERSION = YES;
				GCC_WARN_ABOUT_RETURN_TYPE = YES_ERROR;
				GCC_WARN_UNDECLARED_SELECTOR = YES;
				GCC_WARN_UNINITIALIZED_AUTOS = YES_AGGRESSIVE;
				GCC_WARN_UNUSED_FUNCTION = YES;
				GCC_WARN_UNUSED_VARIABLE = YES;
				IPHONEOS_DEPLOYMENT_TARGET = 15.4;
				MTL_ENABLE_DEBUG_INFO = NO;
				MTL_FAST_MATH = YES;
				SDKROOT = iphoneos;
				SWIFT_COMPILATION_MODE = wholemodule;
				SWIFT_OPTIMIZATION_LEVEL = "-O";
				VALIDATE_PRODUCT = YES;
			};
			name = Release;
		};
		4A96BF2E281A1A6C00D4DC9B /* Debug */ = {
			isa = XCBuildConfiguration;
			buildSettings = {
				ASSETCATALOG_COMPILER_APPICON_NAME = AppIcon;
				ASSETCATALOG_COMPILER_GLOBAL_ACCENT_COLOR_NAME = AccentColor;
				CODE_SIGN_STYLE = Automatic;
				CURRENT_PROJECT_VERSION = 1;
				DEVELOPMENT_ASSET_PATHS = "\"NC1_Noah/Preview Content\"";
				DEVELOPMENT_TEAM = 4JPWGVR2ZN;
				ENABLE_PREVIEWS = YES;
				GENERATE_INFOPLIST_FILE = YES;
				INFOPLIST_KEY_UIApplicationSceneManifest_Generation = YES;
				INFOPLIST_KEY_UIApplicationSupportsIndirectInputEvents = YES;
				INFOPLIST_KEY_UILaunchScreen_Generation = YES;
				INFOPLIST_KEY_UISupportedInterfaceOrientations_iPad = "UIInterfaceOrientationPortrait UIInterfaceOrientationPortraitUpsideDown UIInterfaceOrientationLandscapeLeft UIInterfaceOrientationLandscapeRight";
				INFOPLIST_KEY_UISupportedInterfaceOrientations_iPhone = "UIInterfaceOrientationPortrait UIInterfaceOrientationLandscapeLeft UIInterfaceOrientationLandscapeRight";
				LD_RUNPATH_SEARCH_PATHS = (
					"$(inherited)",
					"@executable_path/Frameworks",
				);
				MARKETING_VERSION = 1.0;
				PRODUCT_BUNDLE_IDENTIFIER = "JP.NC1-Noah";
				PRODUCT_NAME = "$(TARGET_NAME)";
				SWIFT_EMIT_LOC_STRINGS = YES;
				SWIFT_VERSION = 5.0;
				TARGETED_DEVICE_FAMILY = "1,2";
			};
			name = Debug;
		};
		4A96BF2F281A1A6C00D4DC9B /* Release */ = {
			isa = XCBuildConfiguration;
			buildSettings = {
				ASSETCATALOG_COMPILER_APPICON_NAME = AppIcon;
				ASSETCATALOG_COMPILER_GLOBAL_ACCENT_COLOR_NAME = AccentColor;
				CODE_SIGN_STYLE = Automatic;
				CURRENT_PROJECT_VERSION = 1;
				DEVELOPMENT_ASSET_PATHS = "\"NC1_Noah/Preview Content\"";
				DEVELOPMENT_TEAM = 4JPWGVR2ZN;
				ENABLE_PREVIEWS = YES;
				GENERATE_INFOPLIST_FILE = YES;
				INFOPLIST_KEY_UIApplicationSceneManifest_Generation = YES;
				INFOPLIST_KEY_UIApplicationSupportsIndirectInputEvents = YES;
				INFOPLIST_KEY_UILaunchScreen_Generation = YES;
				INFOPLIST_KEY_UISupportedInterfaceOrientations_iPad = "UIInterfaceOrientationPortrait UIInterfaceOrientationPortraitUpsideDown UIInterfaceOrientationLandscapeLeft UIInterfaceOrientationLandscapeRight";
				INFOPLIST_KEY_UISupportedInterfaceOrientations_iPhone = "UIInterfaceOrientationPortrait UIInterfaceOrientationLandscapeLeft UIInterfaceOrientationLandscapeRight";
				LD_RUNPATH_SEARCH_PATHS = (
					"$(inherited)",
					"@executable_path/Frameworks",
				);
				MARKETING_VERSION = 1.0;
				PRODUCT_BUNDLE_IDENTIFIER = "JP.NC1-Noah";
				PRODUCT_NAME = "$(TARGET_NAME)";
				SWIFT_EMIT_LOC_STRINGS = YES;
				SWIFT_VERSION = 5.0;
				TARGETED_DEVICE_FAMILY = "1,2";
			};
			name = Release;
		};
/* End XCBuildConfiguration section */

/* Begin XCConfigurationList section */
		4A96BF1A281A1A6B00D4DC9B /* Build configuration list for PBXProject "NC1_Noah" */ = {
			isa = XCConfigurationList;
			buildConfigurations = (
				4A96BF2B281A1A6C00D4DC9B /* Debug */,
				4A96BF2C281A1A6C00D4DC9B /* Release */,
			);
			defaultConfigurationIsVisible = 0;
			defaultConfigurationName = Release;
		};
		4A96BF2D281A1A6C00D4DC9B /* Build configuration list for PBXNativeTarget "NC1_Noah" */ = {
			isa = XCConfigurationList;
			buildConfigurations = (
				4A96BF2E281A1A6C00D4DC9B /* Debug */,
				4A96BF2F281A1A6C00D4DC9B /* Release */,
			);
			defaultConfigurationIsVisible = 0;
			defaultConfigurationName = Release;
		};
/* End XCConfigurationList section */
	};
	rootObject = 4A96BF17281A1A6B00D4DC9B /* Project object */;
}
